// !$*UTF8*$!
{
	archiveVersion = 1;
	classes = {
	};
	objectVersion = 56;
	objects = {

/* Begin PBXBuildFile section */
		271B91F22A8CF515003A9D0A /* QYTest.h in Headers */ = {isa = PBXBuildFile; fileRef = 271B91D32A8CF515003A9D0A /* QYTest.h */; };
		271B91F32A8CF515003A9D0A /* QYBaseWidget.cpp in Sources */ = {isa = PBXBuildFile; fileRef = 271B91D42A8CF515003A9D0A /* QYBaseWidget.cpp */; };
		271B91F42A8CF515003A9D0A /* QYTest.cpp in Sources */ = {isa = PBXBuildFile; fileRef = 271B91D52A8CF515003A9D0A /* QYTest.cpp */; };
		271B91F52A8CF515003A9D0A /* QYBaseView.cpp in Sources */ = {isa = PBXBuildFile; fileRef = 271B91D62A8CF515003A9D0A /* QYBaseView.cpp */; };
		271B91F62A8CF515003A9D0A /* QYBaseDomNode.h in Headers */ = {isa = PBXBuildFile; fileRef = 271B91D72A8CF515003A9D0A /* QYBaseDomNode.h */; };
		271B91F72A8CF515003A9D0A /* QYBaseNodeInfo.h in Headers */ = {isa = PBXBuildFile; fileRef = 271B91D82A8CF515003A9D0A /* QYBaseNodeInfo.h */; };
		271B91F82A8CF515003A9D0A /* QYBaseWidget.h in Headers */ = {isa = PBXBuildFile; fileRef = 271B91D92A8CF515003A9D0A /* QYBaseWidget.h */; };
		271B91F92A8CF515003A9D0A /* QYViewCreateFactory.cpp in Sources */ = {isa = PBXBuildFile; fileRef = 271B91DA2A8CF515003A9D0A /* QYViewCreateFactory.cpp */; };
		271B91FA2A8CF515003A9D0A /* QYXmlParser.h in Headers */ = {isa = PBXBuildFile; fileRef = 271B91DB2A8CF515003A9D0A /* QYXmlParser.h */; };
		271B91FB2A8CF515003A9D0A /* QYXmlParser.mm in Sources */ = {isa = PBXBuildFile; fileRef = 271B91DC2A8CF515003A9D0A /* QYXmlParser.mm */; };
		271B91FC2A8CF515003A9D0A /* QYBaseCustomView.h in Headers */ = {isa = PBXBuildFile; fileRef = 271B91DE2A8CF515003A9D0A /* QYBaseCustomView.h */; };
		271B91FD2A8CF515003A9D0A /* QYBaseCustomTextView.h in Headers */ = {isa = PBXBuildFile; fileRef = 271B91DF2A8CF515003A9D0A /* QYBaseCustomTextView.h */; };
		271B91FE2A8CF515003A9D0A /* QYBaseCustomImageView.h in Headers */ = {isa = PBXBuildFile; fileRef = 271B91E02A8CF515003A9D0A /* QYBaseCustomImageView.h */; };
		271B91FF2A8CF515003A9D0A /* IQYBaseCustomBaseView.h in Headers */ = {isa = PBXBuildFile; fileRef = 271B91E12A8CF515003A9D0A /* IQYBaseCustomBaseView.h */; };
		271B92002A8CF515003A9D0A /* QYBaseCustomTextView.mm in Sources */ = {isa = PBXBuildFile; fileRef = 271B91E22A8CF515003A9D0A /* QYBaseCustomTextView.mm */; };
		271B92012A8CF515003A9D0A /* QYBaseCustomView.mm in Sources */ = {isa = PBXBuildFile; fileRef = 271B91E32A8CF515003A9D0A /* QYBaseCustomView.mm */; };
		271B92022A8CF515003A9D0A /* QYBaseCustomImageView.mm in Sources */ = {isa = PBXBuildFile; fileRef = 271B91E42A8CF515003A9D0A /* QYBaseCustomImageView.mm */; };
		271B92032A8CF515003A9D0A /* QYBaseDomNode.cpp in Sources */ = {isa = PBXBuildFile; fileRef = 271B91E52A8CF515003A9D0A /* QYBaseDomNode.cpp */; };
		271B92042A8CF515003A9D0A /* QYViewCreateFactory.h in Headers */ = {isa = PBXBuildFile; fileRef = 271B91E62A8CF515003A9D0A /* QYViewCreateFactory.h */; };
		271B92052A8CF515003A9D0A /* QYBaseView.h in Headers */ = {isa = PBXBuildFile; fileRef = 271B91E72A8CF515003A9D0A /* QYBaseView.h */; };
		271B92062A8CF515003A9D0A /* QYBaseNodeInfo.cpp in Sources */ = {isa = PBXBuildFile; fileRef = 271B91E82A8CF515003A9D0A /* QYBaseNodeInfo.cpp */; };
		271B92072A8CF515003A9D0A /* CommonHeader.h in Headers */ = {isa = PBXBuildFile; fileRef = 271B91E92A8CF515003A9D0A /* CommonHeader.h */; };
		271B92082A8CF515003A9D0A /* libv8_libplatform.dylib in Frameworks */ = {isa = PBXBuildFile; fileRef = 271B91EB2A8CF515003A9D0A /* libv8_libplatform.dylib */; };
		271B92092A8CF515003A9D0A /* libchrome_zlib.dylib in Frameworks */ = {isa = PBXBuildFile; fileRef = 271B91EC2A8CF515003A9D0A /* libchrome_zlib.dylib */; };
		271B920A2A8CF515003A9D0A /* libv8_libbase.dylib in Frameworks */ = {isa = PBXBuildFile; fileRef = 271B91ED2A8CF515003A9D0A /* libv8_libbase.dylib */; };
		271B920B2A8CF515003A9D0A /* libthird_party_icu_icui18n.dylib in Frameworks */ = {isa = PBXBuildFile; fileRef = 271B91EE2A8CF515003A9D0A /* libthird_party_icu_icui18n.dylib */; };
		271B920C2A8CF515003A9D0A /* libv8.dylib in Frameworks */ = {isa = PBXBuildFile; fileRef = 271B91EF2A8CF515003A9D0A /* libv8.dylib */; };
		271B920E2A8CF515003A9D0A /* libicuuc.dylib in Frameworks */ = {isa = PBXBuildFile; fileRef = 271B91F12A8CF515003A9D0A /* libicuuc.dylib */; };
		271B920F2A8CF52E003A9D0A /* libv8_libplatform.dylib in CopyFiles */ = {isa = PBXBuildFile; fileRef = 271B91EB2A8CF515003A9D0A /* libv8_libplatform.dylib */; settings = {ATTRIBUTES = (CodeSignOnCopy, ); }; };
		271B92102A8CF52E003A9D0A /* libchrome_zlib.dylib in CopyFiles */ = {isa = PBXBuildFile; fileRef = 271B91EC2A8CF515003A9D0A /* libchrome_zlib.dylib */; settings = {ATTRIBUTES = (CodeSignOnCopy, ); }; };
		271B92112A8CF52E003A9D0A /* libv8_libbase.dylib in CopyFiles */ = {isa = PBXBuildFile; fileRef = 271B91ED2A8CF515003A9D0A /* libv8_libbase.dylib */; settings = {ATTRIBUTES = (CodeSignOnCopy, ); }; };
		271B92122A8CF52E003A9D0A /* libthird_party_icu_icui18n.dylib in CopyFiles */ = {isa = PBXBuildFile; fileRef = 271B91EE2A8CF515003A9D0A /* libthird_party_icu_icui18n.dylib */; settings = {ATTRIBUTES = (CodeSignOnCopy, ); }; };
		271B92132A8CF52E003A9D0A /* libv8.dylib in CopyFiles */ = {isa = PBXBuildFile; fileRef = 271B91EF2A8CF515003A9D0A /* libv8.dylib */; settings = {ATTRIBUTES = (CodeSignOnCopy, ); }; };
		271B92142A8CF52E003A9D0A /* libicuuc.dylib in CopyFiles */ = {isa = PBXBuildFile; fileRef = 271B91F12A8CF515003A9D0A /* libicuuc.dylib */; settings = {ATTRIBUTES = (CodeSignOnCopy, ); }; };
		271B93052A8CF798003A9D0A /* libxml2.tbd in Frameworks */ = {isa = PBXBuildFile; fileRef = 271B93042A8CF798003A9D0A /* libxml2.tbd */; };
		271B93072A8CF800003A9D0A /* AppKit.framework in Frameworks */ = {isa = PBXBuildFile; fileRef = 271B93062A8CF800003A9D0A /* AppKit.framework */; };
		271B93092A8CF826003A9D0A /* libc++.tbd in Frameworks */ = {isa = PBXBuildFile; fileRef = 271B93082A8CF826003A9D0A /* libc++.tbd */; };
		271B93122A8CF8CF003A9D0A /* QYEntry.h in Headers */ = {isa = PBXBuildFile; fileRef = 271B93102A8CF8CF003A9D0A /* QYEntry.h */; settings = {ATTRIBUTES = (Public, ); }; };
		271B93132A8CF8CF003A9D0A /* QYEntry.cpp in Sources */ = {isa = PBXBuildFile; fileRef = 271B93112A8CF8CF003A9D0A /* QYEntry.cpp */; };
		271B93162A8E662F003A9D0A /* QYPage.cpp in Sources */ = {isa = PBXBuildFile; fileRef = 271B93142A8E662F003A9D0A /* QYPage.cpp */; };
		271B93172A8E662F003A9D0A /* QYPage.h in Headers */ = {isa = PBXBuildFile; fileRef = 271B93152A8E662F003A9D0A /* QYPage.h */; };
		271B931B2A8E7660003A9D0A /* QYJSContext.cpp in Sources */ = {isa = PBXBuildFile; fileRef = 271B93192A8E7660003A9D0A /* QYJSContext.cpp */; };
		271B931C2A8E7661003A9D0A /* QYJSContext.h in Headers */ = {isa = PBXBuildFile; fileRef = 271B931A2A8E7660003A9D0A /* QYJSContext.h */; };
		271B93212A8E7B84003A9D0A /* QYJSValue.cpp in Sources */ = {isa = PBXBuildFile; fileRef = 271B931F2A8E7B83003A9D0A /* QYJSValue.cpp */; };
		271B93222A8E7B84003A9D0A /* QYJSValue.h in Headers */ = {isa = PBXBuildFile; fileRef = 271B93202A8E7B84003A9D0A /* QYJSValue.h */; };
		271B93272A90EE5A003A9D0A /* QYJSRuntime.cpp in Sources */ = {isa = PBXBuildFile; fileRef = 271B93252A90EE59003A9D0A /* QYJSRuntime.cpp */; };
		271B93282A90EE5A003A9D0A /* QYJSRuntime.h in Headers */ = {isa = PBXBuildFile; fileRef = 271B93262A90EE59003A9D0A /* QYJSRuntime.h */; };
		271B932A2A939FB6003A9D0A /* snapshot_blob.bin in CopyFiles */ = {isa = PBXBuildFile; fileRef = 271B91F02A8CF515003A9D0A /* snapshot_blob.bin */; };
		271B93302A95142E003A9D0A /* QYFunction.h in Headers */ = {isa = PBXBuildFile; fileRef = 271B932F2A95142E003A9D0A /* QYFunction.h */; };
		271B93332A9A1534003A9D0A /* QYModuleLoader.cpp in Sources */ = {isa = PBXBuildFile; fileRef = 271B93312A9A1534003A9D0A /* QYModuleLoader.cpp */; };
		271B93342A9A1534003A9D0A /* QYModuleLoader.h in Headers */ = {isa = PBXBuildFile; fileRef = 271B93322A9A1534003A9D0A /* QYModuleLoader.h */; };
		2727E2E22B0529E600AD9584 /* QYMouseEvent.cpp in Sources */ = {isa = PBXBuildFile; fileRef = 2727E2E02B0529E600AD9584 /* QYMouseEvent.cpp */; };
		2727E2E32B0529E600AD9584 /* QYMouseEvent.h in Headers */ = {isa = PBXBuildFile; fileRef = 2727E2E12B0529E600AD9584 /* QYMouseEvent.h */; };
		273679682AFBDF2C007067EF /* test.html in Resources */ = {isa = PBXBuildFile; fileRef = 273679672AFBDF2C007067EF /* test.html */; };
		2736796A2AFBEE13007067EF /* IQYPropertyValueObserver.h in Headers */ = {isa = PBXBuildFile; fileRef = 273679692AFBEE13007067EF /* IQYPropertyValueObserver.h */; };
		2736796D2AFD0529007067EF /* QYPageCompContext.cpp in Sources */ = {isa = PBXBuildFile; fileRef = 2736796B2AFD0529007067EF /* QYPageCompContext.cpp */; };
		2736796E2AFD0529007067EF /* QYPageCompContext.h in Headers */ = {isa = PBXBuildFile; fileRef = 2736796C2AFD0529007067EF /* QYPageCompContext.h */; };
		273679752B03D9E7007067EF /* QYExpressionContext.cpp in Sources */ = {isa = PBXBuildFile; fileRef = 273679732B03D9E7007067EF /* QYExpressionContext.cpp */; };
		273679762B03D9E7007067EF /* QYExpressionContext.h in Headers */ = {isa = PBXBuildFile; fileRef = 273679742B03D9E7007067EF /* QYExpressionContext.h */; };
		273679782B03DCCD007067EF /* IQYExpDataContext.h in Headers */ = {isa = PBXBuildFile; fileRef = 273679772B03DCCD007067EF /* IQYExpDataContext.h */; };
		27744E762AB0AF84000B3B29 /* fileUtil.cpp in Sources */ = {isa = PBXBuildFile; fileRef = 27744E742AB0AF84000B3B29 /* fileUtil.cpp */; };
		27744E772AB0AF84000B3B29 /* fileUtil.h in Headers */ = {isa = PBXBuildFile; fileRef = 27744E752AB0AF84000B3B29 /* fileUtil.h */; };
		27744E902AC1DCDD000B3B29 /* QYExpression.cpp in Sources */ = {isa = PBXBuildFile; fileRef = 27744E8E2AC1DCDD000B3B29 /* QYExpression.cpp */; };
		27744E912AC1DCDD000B3B29 /* QYExpression.h in Headers */ = {isa = PBXBuildFile; fileRef = 27744E8F2AC1DCDD000B3B29 /* QYExpression.h */; };
		27744E942AC1DD76000B3B29 /* QYExpressionParser.cpp in Sources */ = {isa = PBXBuildFile; fileRef = 27744E922AC1DD76000B3B29 /* QYExpressionParser.cpp */; };
		27744E952AC1DD76000B3B29 /* QYExpressionParser.h in Headers */ = {isa = PBXBuildFile; fileRef = 27744E932AC1DD76000B3B29 /* QYExpressionParser.h */; };
		27744E982AC1DE69000B3B29 /* QYToken.cpp in Sources */ = {isa = PBXBuildFile; fileRef = 27744E962AC1DE69000B3B29 /* QYToken.cpp */; };
		27744E992AC1DE69000B3B29 /* QYToken.h in Headers */ = {isa = PBXBuildFile; fileRef = 27744E972AC1DE69000B3B29 /* QYToken.h */; };
		27744E9D2AC1DFE4000B3B29 /* QYNumberExpression.cpp in Sources */ = {isa = PBXBuildFile; fileRef = 27744E9B2AC1DFE4000B3B29 /* QYNumberExpression.cpp */; };
		27744E9E2AC1DFE4000B3B29 /* QYNumberExpression.h in Headers */ = {isa = PBXBuildFile; fileRef = 27744E9C2AC1DFE4000B3B29 /* QYNumberExpression.h */; };
		27744EA12AC1E2C1000B3B29 /* QYStringExpression.cpp in Sources */ = {isa = PBXBuildFile; fileRef = 27744E9F2AC1E2C1000B3B29 /* QYStringExpression.cpp */; };
		27744EA22AC1E2C1000B3B29 /* QYStringExpression.h in Headers */ = {isa = PBXBuildFile; fileRef = 27744EA02AC1E2C1000B3B29 /* QYStringExpression.h */; };
		27744EA52AC1E342000B3B29 /* QYIdentifierExpression.cpp in Sources */ = {isa = PBXBuildFile; fileRef = 27744EA32AC1E342000B3B29 /* QYIdentifierExpression.cpp */; };
		27744EA62AC1E342000B3B29 /* QYIdentifierExpression.h in Headers */ = {isa = PBXBuildFile; fileRef = 27744EA42AC1E342000B3B29 /* QYIdentifierExpression.h */; };
		27744EA92AC1E5C4000B3B29 /* QYFunctionExpression.cpp in Sources */ = {isa = PBXBuildFile; fileRef = 27744EA72AC1E5C4000B3B29 /* QYFunctionExpression.cpp */; };
		27744EAA2AC1E5C4000B3B29 /* QYFunctionExpression.h in Headers */ = {isa = PBXBuildFile; fileRef = 27744EA82AC1E5C4000B3B29 /* QYFunctionExpression.h */; };
		27744EAD2AC1E63F000B3B29 /* QYPropertyAccessExpression.cpp in Sources */ = {isa = PBXBuildFile; fileRef = 27744EAB2AC1E63F000B3B29 /* QYPropertyAccessExpression.cpp */; };
		27744EAE2AC1E63F000B3B29 /* QYPropertyAccessExpression.h in Headers */ = {isa = PBXBuildFile; fileRef = 27744EAC2AC1E63F000B3B29 /* QYPropertyAccessExpression.h */; };
		27744EB12AC1E648000B3B29 /* QYCollectionAccessExpression.cpp in Sources */ = {isa = PBXBuildFile; fileRef = 27744EAF2AC1E648000B3B29 /* QYCollectionAccessExpression.cpp */; };
		27744EB22AC1E648000B3B29 /* QYCollectionAccessExpression.h in Headers */ = {isa = PBXBuildFile; fileRef = 27744EB02AC1E648000B3B29 /* QYCollectionAccessExpression.h */; };
		27744EB52AC1E65B000B3B29 /* QYQuestionExpression.cpp in Sources */ = {isa = PBXBuildFile; fileRef = 27744EB32AC1E65B000B3B29 /* QYQuestionExpression.cpp */; };
		27744EB62AC1E65B000B3B29 /* QYQuestionExpression.h in Headers */ = {isa = PBXBuildFile; fileRef = 27744EB42AC1E65B000B3B29 /* QYQuestionExpression.h */; };
		27744EB92AC1E666000B3B29 /* QYBinaryExpression.cpp in Sources */ = {isa = PBXBuildFile; fileRef = 27744EB72AC1E666000B3B29 /* QYBinaryExpression.cpp */; };
		27744EBA2AC1E666000B3B29 /* QYBinaryExpression.h in Headers */ = {isa = PBXBuildFile; fileRef = 27744EB82AC1E666000B3B29 /* QYBinaryExpression.h */; };
		27744F0A2AD6FA8D000B3B29 /* QYPropertyValue.cpp in Sources */ = {isa = PBXBuildFile; fileRef = 27744F082AD6FA8D000B3B29 /* QYPropertyValue.cpp */; };
		27744F0B2AD6FA8D000B3B29 /* QYPropertyValue.h in Headers */ = {isa = PBXBuildFile; fileRef = 27744F092AD6FA8D000B3B29 /* QYPropertyValue.h */; };
		27744F0F2AD83C26000B3B29 /* QYPropertySetter.cpp in Sources */ = {isa = PBXBuildFile; fileRef = 27744F0D2AD83C26000B3B29 /* QYPropertySetter.cpp */; };
		27744F102AD83C26000B3B29 /* QYPropertySetter.h in Headers */ = {isa = PBXBuildFile; fileRef = 27744F0E2AD83C26000B3B29 /* QYPropertySetter.h */; };
		27744F132AD83D0E000B3B29 /* QYImageViewPropertySetter.cpp in Sources */ = {isa = PBXBuildFile; fileRef = 27744F112AD83D0E000B3B29 /* QYImageViewPropertySetter.cpp */; };
		27744F142AD83D0E000B3B29 /* QYImageViewPropertySetter.h in Headers */ = {isa = PBXBuildFile; fileRef = 27744F122AD83D0E000B3B29 /* QYImageViewPropertySetter.h */; };
		27744F172AD83D1B000B3B29 /* QYTextViewPropertySetter.cpp in Sources */ = {isa = PBXBuildFile; fileRef = 27744F152AD83D1B000B3B29 /* QYTextViewPropertySetter.cpp */; };
		27744F182AD83D1B000B3B29 /* QYTextViewPropertySetter.h in Headers */ = {isa = PBXBuildFile; fileRef = 27744F162AD83D1B000B3B29 /* QYTextViewPropertySetter.h */; };
		27744F1C2ADBE9DE000B3B29 /* QYImageView.cpp in Sources */ = {isa = PBXBuildFile; fileRef = 27744F1A2ADBE9DE000B3B29 /* QYImageView.cpp */; };
		27744F1D2ADBE9DE000B3B29 /* QYImageView.h in Headers */ = {isa = PBXBuildFile; fileRef = 27744F1B2ADBE9DE000B3B29 /* QYImageView.h */; };
		27744F202ADBEBD2000B3B29 /* QYTextView.cpp in Sources */ = {isa = PBXBuildFile; fileRef = 27744F1E2ADBEBD2000B3B29 /* QYTextView.cpp */; };
		27744F212ADBEBD2000B3B29 /* QYTextView.h in Headers */ = {isa = PBXBuildFile; fileRef = 27744F1F2ADBEBD2000B3B29 /* QYTextView.h */; };
		27744F232ADBEC8C000B3B29 /* IQYBaseView.h in Headers */ = {isa = PBXBuildFile; fileRef = 27744F222ADBEC8C000B3B29 /* IQYBaseView.h */; };
		C604EED52A8C92FA008DAC8E /* QYView.framework in Frameworks */ = {isa = PBXBuildFile; fileRef = C604EECF2A8C92FA008DAC8E /* QYView.framework */; };
		C604EED72A8C92FA008DAC8E /* QYView.framework in Embed Frameworks */ = {isa = PBXBuildFile; fileRef = C604EECF2A8C92FA008DAC8E /* QYView.framework */; settings = {ATTRIBUTES = (CodeSignOnCopy, RemoveHeadersOnCopy, ); }; };
		C64160CF2A8C8FDB0089E110 /* AppDelegate.m in Sources */ = {isa = PBXBuildFile; fileRef = C64160CE2A8C8FDB0089E110 /* AppDelegate.m */; };
		C64160D22A8C8FDB0089E110 /* ViewController.m in Sources */ = {isa = PBXBuildFile; fileRef = C64160D12A8C8FDB0089E110 /* ViewController.m */; };
		C64160D42A8C8FDC0089E110 /* Assets.xcassets in Resources */ = {isa = PBXBuildFile; fileRef = C64160D32A8C8FDC0089E110 /* Assets.xcassets */; };
		C64160D72A8C8FDC0089E110 /* Main.storyboard in Resources */ = {isa = PBXBuildFile; fileRef = C64160D52A8C8FDC0089E110 /* Main.storyboard */; };
		C64160D92A8C8FDC0089E110 /* main.m in Sources */ = {isa = PBXBuildFile; fileRef = C64160D82A8C8FDC0089E110 /* main.m */; };
/* End PBXBuildFile section */

/* Begin PBXContainerItemProxy section */
		C604EED32A8C92FA008DAC8E /* PBXContainerItemProxy */ = {
			isa = PBXContainerItemProxy;
			containerPortal = C64160C22A8C8FDB0089E110 /* Project object */;
			proxyType = 1;
			remoteGlobalIDString = C604EECE2A8C92FA008DAC8E;
			remoteInfo = QYView;
		};
/* End PBXContainerItemProxy section */

/* Begin PBXCopyFilesBuildPhase section */
		271B91C42A8CF360003A9D0A /* CopyFiles */ = {
			isa = PBXCopyFilesBuildPhase;
			buildActionMask = 2147483647;
			dstPath = "";
			dstSubfolderSpec = 6;
			files = (
				271B920F2A8CF52E003A9D0A /* libv8_libplatform.dylib in CopyFiles */,
				271B92102A8CF52E003A9D0A /* libchrome_zlib.dylib in CopyFiles */,
				271B92112A8CF52E003A9D0A /* libv8_libbase.dylib in CopyFiles */,
				271B92122A8CF52E003A9D0A /* libthird_party_icu_icui18n.dylib in CopyFiles */,
				271B92132A8CF52E003A9D0A /* libv8.dylib in CopyFiles */,
				271B92142A8CF52E003A9D0A /* libicuuc.dylib in CopyFiles */,
			);
			runOnlyForDeploymentPostprocessing = 0;
		};
		271B93292A939F9C003A9D0A /* CopyFiles */ = {
			isa = PBXCopyFilesBuildPhase;
			buildActionMask = 2147483647;
			dstPath = "";
			dstSubfolderSpec = 1;
			files = (
				271B932A2A939FB6003A9D0A /* snapshot_blob.bin in CopyFiles */,
			);
			runOnlyForDeploymentPostprocessing = 0;
		};
		C604EED62A8C92FA008DAC8E /* Embed Frameworks */ = {
			isa = PBXCopyFilesBuildPhase;
			buildActionMask = 2147483647;
			dstPath = "";
			dstSubfolderSpec = 10;
			files = (
				C604EED72A8C92FA008DAC8E /* QYView.framework in Embed Frameworks */,
			);
			name = "Embed Frameworks";
			runOnlyForDeploymentPostprocessing = 0;
		};
/* End PBXCopyFilesBuildPhase section */

/* Begin PBXFileReference section */
		271B91D32A8CF515003A9D0A /* QYTest.h */ = {isa = PBXFileReference; fileEncoding = 4; lastKnownFileType = sourcecode.c.h; path = QYTest.h; sourceTree = "<group>"; };
		271B91D42A8CF515003A9D0A /* QYBaseWidget.cpp */ = {isa = PBXFileReference; fileEncoding = 4; lastKnownFileType = sourcecode.cpp.cpp; path = QYBaseWidget.cpp; sourceTree = "<group>"; };
		271B91D52A8CF515003A9D0A /* QYTest.cpp */ = {isa = PBXFileReference; fileEncoding = 4; lastKnownFileType = sourcecode.cpp.cpp; path = QYTest.cpp; sourceTree = "<group>"; };
		271B91D62A8CF515003A9D0A /* QYBaseView.cpp */ = {isa = PBXFileReference; fileEncoding = 4; lastKnownFileType = sourcecode.cpp.cpp; path = QYBaseView.cpp; sourceTree = "<group>"; };
		271B91D72A8CF515003A9D0A /* QYBaseDomNode.h */ = {isa = PBXFileReference; fileEncoding = 4; lastKnownFileType = sourcecode.c.h; path = QYBaseDomNode.h; sourceTree = "<group>"; };
		271B91D82A8CF515003A9D0A /* QYBaseNodeInfo.h */ = {isa = PBXFileReference; fileEncoding = 4; lastKnownFileType = sourcecode.c.h; path = QYBaseNodeInfo.h; sourceTree = "<group>"; };
		271B91D92A8CF515003A9D0A /* QYBaseWidget.h */ = {isa = PBXFileReference; fileEncoding = 4; lastKnownFileType = sourcecode.c.h; path = QYBaseWidget.h; sourceTree = "<group>"; };
		271B91DA2A8CF515003A9D0A /* QYViewCreateFactory.cpp */ = {isa = PBXFileReference; fileEncoding = 4; lastKnownFileType = sourcecode.cpp.cpp; path = QYViewCreateFactory.cpp; sourceTree = "<group>"; };
		271B91DB2A8CF515003A9D0A /* QYXmlParser.h */ = {isa = PBXFileReference; fileEncoding = 4; lastKnownFileType = sourcecode.c.h; path = QYXmlParser.h; sourceTree = "<group>"; };
		271B91DC2A8CF515003A9D0A /* QYXmlParser.mm */ = {isa = PBXFileReference; fileEncoding = 4; lastKnownFileType = sourcecode.cpp.objcpp; path = QYXmlParser.mm; sourceTree = "<group>"; };
		271B91DE2A8CF515003A9D0A /* QYBaseCustomView.h */ = {isa = PBXFileReference; fileEncoding = 4; lastKnownFileType = sourcecode.c.h; path = QYBaseCustomView.h; sourceTree = "<group>"; };
		271B91DF2A8CF515003A9D0A /* QYBaseCustomTextView.h */ = {isa = PBXFileReference; fileEncoding = 4; lastKnownFileType = sourcecode.c.h; path = QYBaseCustomTextView.h; sourceTree = "<group>"; };
		271B91E02A8CF515003A9D0A /* QYBaseCustomImageView.h */ = {isa = PBXFileReference; fileEncoding = 4; lastKnownFileType = sourcecode.c.h; path = QYBaseCustomImageView.h; sourceTree = "<group>"; };
		271B91E12A8CF515003A9D0A /* IQYBaseCustomBaseView.h */ = {isa = PBXFileReference; fileEncoding = 4; lastKnownFileType = sourcecode.c.h; path = IQYBaseCustomBaseView.h; sourceTree = "<group>"; };
		271B91E22A8CF515003A9D0A /* QYBaseCustomTextView.mm */ = {isa = PBXFileReference; fileEncoding = 4; lastKnownFileType = sourcecode.cpp.objcpp; path = QYBaseCustomTextView.mm; sourceTree = "<group>"; };
		271B91E32A8CF515003A9D0A /* QYBaseCustomView.mm */ = {isa = PBXFileReference; fileEncoding = 4; lastKnownFileType = sourcecode.cpp.objcpp; path = QYBaseCustomView.mm; sourceTree = "<group>"; };
		271B91E42A8CF515003A9D0A /* QYBaseCustomImageView.mm */ = {isa = PBXFileReference; fileEncoding = 4; lastKnownFileType = sourcecode.cpp.objcpp; path = QYBaseCustomImageView.mm; sourceTree = "<group>"; };
		271B91E52A8CF515003A9D0A /* QYBaseDomNode.cpp */ = {isa = PBXFileReference; fileEncoding = 4; lastKnownFileType = sourcecode.cpp.cpp; path = QYBaseDomNode.cpp; sourceTree = "<group>"; };
		271B91E62A8CF515003A9D0A /* QYViewCreateFactory.h */ = {isa = PBXFileReference; fileEncoding = 4; lastKnownFileType = sourcecode.c.h; path = QYViewCreateFactory.h; sourceTree = "<group>"; };
		271B91E72A8CF515003A9D0A /* QYBaseView.h */ = {isa = PBXFileReference; fileEncoding = 4; lastKnownFileType = sourcecode.c.h; path = QYBaseView.h; sourceTree = "<group>"; };
		271B91E82A8CF515003A9D0A /* QYBaseNodeInfo.cpp */ = {isa = PBXFileReference; fileEncoding = 4; lastKnownFileType = sourcecode.cpp.cpp; path = QYBaseNodeInfo.cpp; sourceTree = "<group>"; };
		271B91E92A8CF515003A9D0A /* CommonHeader.h */ = {isa = PBXFileReference; fileEncoding = 4; lastKnownFileType = sourcecode.c.h; path = CommonHeader.h; sourceTree = "<group>"; };
		271B91EB2A8CF515003A9D0A /* libv8_libplatform.dylib */ = {isa = PBXFileReference; lastKnownFileType = "compiled.mach-o.dylib"; path = libv8_libplatform.dylib; sourceTree = "<group>"; };
		271B91EC2A8CF515003A9D0A /* libchrome_zlib.dylib */ = {isa = PBXFileReference; lastKnownFileType = "compiled.mach-o.dylib"; path = libchrome_zlib.dylib; sourceTree = "<group>"; };
		271B91ED2A8CF515003A9D0A /* libv8_libbase.dylib */ = {isa = PBXFileReference; lastKnownFileType = "compiled.mach-o.dylib"; path = libv8_libbase.dylib; sourceTree = "<group>"; };
		271B91EE2A8CF515003A9D0A /* libthird_party_icu_icui18n.dylib */ = {isa = PBXFileReference; lastKnownFileType = "compiled.mach-o.dylib"; path = libthird_party_icu_icui18n.dylib; sourceTree = "<group>"; };
		271B91EF2A8CF515003A9D0A /* libv8.dylib */ = {isa = PBXFileReference; lastKnownFileType = "compiled.mach-o.dylib"; path = libv8.dylib; sourceTree = "<group>"; };
		271B91F02A8CF515003A9D0A /* snapshot_blob.bin */ = {isa = PBXFileReference; lastKnownFileType = archive.macbinary; path = snapshot_blob.bin; sourceTree = "<group>"; };
		271B91F12A8CF515003A9D0A /* libicuuc.dylib */ = {isa = PBXFileReference; lastKnownFileType = "compiled.mach-o.dylib"; path = libicuuc.dylib; sourceTree = "<group>"; };
		271B92152A8CF549003A9D0A /* Config.xcconfig */ = {isa = PBXFileReference; lastKnownFileType = text.xcconfig; path = Config.xcconfig; sourceTree = "<group>"; };
		271B93042A8CF798003A9D0A /* libxml2.tbd */ = {isa = PBXFileReference; lastKnownFileType = "sourcecode.text-based-dylib-definition"; name = libxml2.tbd; path = usr/lib/libxml2.tbd; sourceTree = SDKROOT; };
		271B93062A8CF800003A9D0A /* AppKit.framework */ = {isa = PBXFileReference; lastKnownFileType = wrapper.framework; name = AppKit.framework; path = System/Library/Frameworks/AppKit.framework; sourceTree = SDKROOT; };
		271B93082A8CF826003A9D0A /* libc++.tbd */ = {isa = PBXFileReference; lastKnownFileType = "sourcecode.text-based-dylib-definition"; name = "libc++.tbd"; path = "usr/lib/libc++.tbd"; sourceTree = SDKROOT; };
		271B93102A8CF8CF003A9D0A /* QYEntry.h */ = {isa = PBXFileReference; lastKnownFileType = sourcecode.c.h; path = QYEntry.h; sourceTree = "<group>"; };
		271B93112A8CF8CF003A9D0A /* QYEntry.cpp */ = {isa = PBXFileReference; lastKnownFileType = sourcecode.cpp.cpp; path = QYEntry.cpp; sourceTree = "<group>"; };
		271B93142A8E662F003A9D0A /* QYPage.cpp */ = {isa = PBXFileReference; lastKnownFileType = sourcecode.cpp.cpp; path = QYPage.cpp; sourceTree = "<group>"; };
		271B93152A8E662F003A9D0A /* QYPage.h */ = {isa = PBXFileReference; lastKnownFileType = sourcecode.c.h; path = QYPage.h; sourceTree = "<group>"; };
		271B93192A8E7660003A9D0A /* QYJSContext.cpp */ = {isa = PBXFileReference; lastKnownFileType = sourcecode.cpp.cpp; path = QYJSContext.cpp; sourceTree = "<group>"; };
		271B931A2A8E7660003A9D0A /* QYJSContext.h */ = {isa = PBXFileReference; lastKnownFileType = sourcecode.c.h; path = QYJSContext.h; sourceTree = "<group>"; };
		271B931F2A8E7B83003A9D0A /* QYJSValue.cpp */ = {isa = PBXFileReference; lastKnownFileType = sourcecode.cpp.cpp; path = QYJSValue.cpp; sourceTree = "<group>"; };
		271B93202A8E7B84003A9D0A /* QYJSValue.h */ = {isa = PBXFileReference; lastKnownFileType = sourcecode.c.h; path = QYJSValue.h; sourceTree = "<group>"; };
		271B93252A90EE59003A9D0A /* QYJSRuntime.cpp */ = {isa = PBXFileReference; lastKnownFileType = sourcecode.cpp.cpp; path = QYJSRuntime.cpp; sourceTree = "<group>"; };
		271B93262A90EE59003A9D0A /* QYJSRuntime.h */ = {isa = PBXFileReference; lastKnownFileType = sourcecode.c.h; path = QYJSRuntime.h; sourceTree = "<group>"; };
		271B932F2A95142E003A9D0A /* QYFunction.h */ = {isa = PBXFileReference; lastKnownFileType = sourcecode.c.h; path = QYFunction.h; sourceTree = "<group>"; };
		271B93312A9A1534003A9D0A /* QYModuleLoader.cpp */ = {isa = PBXFileReference; lastKnownFileType = sourcecode.cpp.cpp; path = QYModuleLoader.cpp; sourceTree = "<group>"; };
		271B93322A9A1534003A9D0A /* QYModuleLoader.h */ = {isa = PBXFileReference; lastKnownFileType = sourcecode.c.h; path = QYModuleLoader.h; sourceTree = "<group>"; };
		2727E2E02B0529E600AD9584 /* QYMouseEvent.cpp */ = {isa = PBXFileReference; lastKnownFileType = sourcecode.cpp.cpp; path = QYMouseEvent.cpp; sourceTree = "<group>"; };
		2727E2E12B0529E600AD9584 /* QYMouseEvent.h */ = {isa = PBXFileReference; lastKnownFileType = sourcecode.c.h; path = QYMouseEvent.h; sourceTree = "<group>"; };
		273679672AFBDF2C007067EF /* test.html */ = {isa = PBXFileReference; lastKnownFileType = text.html; name = test.html; path = ../js/src/test.html; sourceTree = "<group>"; };
		273679692AFBEE13007067EF /* IQYPropertyValueObserver.h */ = {isa = PBXFileReference; lastKnownFileType = sourcecode.c.h; path = IQYPropertyValueObserver.h; sourceTree = "<group>"; };
		2736796B2AFD0529007067EF /* QYPageCompContext.cpp */ = {isa = PBXFileReference; lastKnownFileType = sourcecode.cpp.cpp; path = QYPageCompContext.cpp; sourceTree = "<group>"; };
		2736796C2AFD0529007067EF /* QYPageCompContext.h */ = {isa = PBXFileReference; lastKnownFileType = sourcecode.c.h; path = QYPageCompContext.h; sourceTree = "<group>"; };
		273679732B03D9E7007067EF /* QYExpressionContext.cpp */ = {isa = PBXFileReference; lastKnownFileType = sourcecode.cpp.cpp; path = QYExpressionContext.cpp; sourceTree = "<group>"; };
		273679742B03D9E7007067EF /* QYExpressionContext.h */ = {isa = PBXFileReference; lastKnownFileType = sourcecode.c.h; path = QYExpressionContext.h; sourceTree = "<group>"; };
		273679772B03DCCD007067EF /* IQYExpDataContext.h */ = {isa = PBXFileReference; lastKnownFileType = sourcecode.c.h; path = IQYExpDataContext.h; sourceTree = "<group>"; };
		27744E742AB0AF84000B3B29 /* fileUtil.cpp */ = {isa = PBXFileReference; lastKnownFileType = sourcecode.cpp.cpp; path = fileUtil.cpp; sourceTree = "<group>"; };
		27744E752AB0AF84000B3B29 /* fileUtil.h */ = {isa = PBXFileReference; lastKnownFileType = sourcecode.c.h; path = fileUtil.h; sourceTree = "<group>"; };
		27744E8E2AC1DCDD000B3B29 /* QYExpression.cpp */ = {isa = PBXFileReference; lastKnownFileType = sourcecode.cpp.cpp; path = QYExpression.cpp; sourceTree = "<group>"; };
		27744E8F2AC1DCDD000B3B29 /* QYExpression.h */ = {isa = PBXFileReference; lastKnownFileType = sourcecode.c.h; path = QYExpression.h; sourceTree = "<group>"; };
		27744E922AC1DD76000B3B29 /* QYExpressionParser.cpp */ = {isa = PBXFileReference; lastKnownFileType = sourcecode.cpp.cpp; path = QYExpressionParser.cpp; sourceTree = "<group>"; };
		27744E932AC1DD76000B3B29 /* QYExpressionParser.h */ = {isa = PBXFileReference; lastKnownFileType = sourcecode.c.h; path = QYExpressionParser.h; sourceTree = "<group>"; };
		27744E962AC1DE69000B3B29 /* QYToken.cpp */ = {isa = PBXFileReference; lastKnownFileType = sourcecode.cpp.cpp; path = QYToken.cpp; sourceTree = "<group>"; };
		27744E972AC1DE69000B3B29 /* QYToken.h */ = {isa = PBXFileReference; lastKnownFileType = sourcecode.c.h; path = QYToken.h; sourceTree = "<group>"; };
		27744E9B2AC1DFE4000B3B29 /* QYNumberExpression.cpp */ = {isa = PBXFileReference; lastKnownFileType = sourcecode.cpp.cpp; path = QYNumberExpression.cpp; sourceTree = "<group>"; };
		27744E9C2AC1DFE4000B3B29 /* QYNumberExpression.h */ = {isa = PBXFileReference; lastKnownFileType = sourcecode.c.h; path = QYNumberExpression.h; sourceTree = "<group>"; };
		27744E9F2AC1E2C1000B3B29 /* QYStringExpression.cpp */ = {isa = PBXFileReference; lastKnownFileType = sourcecode.cpp.cpp; path = QYStringExpression.cpp; sourceTree = "<group>"; };
		27744EA02AC1E2C1000B3B29 /* QYStringExpression.h */ = {isa = PBXFileReference; lastKnownFileType = sourcecode.c.h; path = QYStringExpression.h; sourceTree = "<group>"; };
		27744EA32AC1E342000B3B29 /* QYIdentifierExpression.cpp */ = {isa = PBXFileReference; lastKnownFileType = sourcecode.cpp.cpp; path = QYIdentifierExpression.cpp; sourceTree = "<group>"; };
		27744EA42AC1E342000B3B29 /* QYIdentifierExpression.h */ = {isa = PBXFileReference; lastKnownFileType = sourcecode.c.h; path = QYIdentifierExpression.h; sourceTree = "<group>"; };
		27744EA72AC1E5C4000B3B29 /* QYFunctionExpression.cpp */ = {isa = PBXFileReference; lastKnownFileType = sourcecode.cpp.cpp; path = QYFunctionExpression.cpp; sourceTree = "<group>"; };
		27744EA82AC1E5C4000B3B29 /* QYFunctionExpression.h */ = {isa = PBXFileReference; lastKnownFileType = sourcecode.c.h; path = QYFunctionExpression.h; sourceTree = "<group>"; };
		27744EAB2AC1E63F000B3B29 /* QYPropertyAccessExpression.cpp */ = {isa = PBXFileReference; lastKnownFileType = sourcecode.cpp.cpp; path = QYPropertyAccessExpression.cpp; sourceTree = "<group>"; };
		27744EAC2AC1E63F000B3B29 /* QYPropertyAccessExpression.h */ = {isa = PBXFileReference; lastKnownFileType = sourcecode.c.h; path = QYPropertyAccessExpression.h; sourceTree = "<group>"; };
		27744EAF2AC1E648000B3B29 /* QYCollectionAccessExpression.cpp */ = {isa = PBXFileReference; lastKnownFileType = sourcecode.cpp.cpp; path = QYCollectionAccessExpression.cpp; sourceTree = "<group>"; };
		27744EB02AC1E648000B3B29 /* QYCollectionAccessExpression.h */ = {isa = PBXFileReference; lastKnownFileType = sourcecode.c.h; path = QYCollectionAccessExpression.h; sourceTree = "<group>"; };
		27744EB32AC1E65B000B3B29 /* QYQuestionExpression.cpp */ = {isa = PBXFileReference; lastKnownFileType = sourcecode.cpp.cpp; path = QYQuestionExpression.cpp; sourceTree = "<group>"; };
		27744EB42AC1E65B000B3B29 /* QYQuestionExpression.h */ = {isa = PBXFileReference; lastKnownFileType = sourcecode.c.h; path = QYQuestionExpression.h; sourceTree = "<group>"; };
		27744EB72AC1E666000B3B29 /* QYBinaryExpression.cpp */ = {isa = PBXFileReference; lastKnownFileType = sourcecode.cpp.cpp; path = QYBinaryExpression.cpp; sourceTree = "<group>"; };
		27744EB82AC1E666000B3B29 /* QYBinaryExpression.h */ = {isa = PBXFileReference; lastKnownFileType = sourcecode.c.h; path = QYBinaryExpression.h; sourceTree = "<group>"; };
		27744F082AD6FA8D000B3B29 /* QYPropertyValue.cpp */ = {isa = PBXFileReference; lastKnownFileType = sourcecode.cpp.cpp; path = QYPropertyValue.cpp; sourceTree = "<group>"; };
		27744F092AD6FA8D000B3B29 /* QYPropertyValue.h */ = {isa = PBXFileReference; lastKnownFileType = sourcecode.c.h; path = QYPropertyValue.h; sourceTree = "<group>"; };
		27744F0D2AD83C26000B3B29 /* QYPropertySetter.cpp */ = {isa = PBXFileReference; lastKnownFileType = sourcecode.cpp.cpp; path = QYPropertySetter.cpp; sourceTree = "<group>"; };
		27744F0E2AD83C26000B3B29 /* QYPropertySetter.h */ = {isa = PBXFileReference; lastKnownFileType = sourcecode.c.h; path = QYPropertySetter.h; sourceTree = "<group>"; };
		27744F112AD83D0E000B3B29 /* QYImageViewPropertySetter.cpp */ = {isa = PBXFileReference; lastKnownFileType = sourcecode.cpp.cpp; path = QYImageViewPropertySetter.cpp; sourceTree = "<group>"; };
		27744F122AD83D0E000B3B29 /* QYImageViewPropertySetter.h */ = {isa = PBXFileReference; lastKnownFileType = sourcecode.c.h; path = QYImageViewPropertySetter.h; sourceTree = "<group>"; };
		27744F152AD83D1B000B3B29 /* QYTextViewPropertySetter.cpp */ = {isa = PBXFileReference; lastKnownFileType = sourcecode.cpp.cpp; path = QYTextViewPropertySetter.cpp; sourceTree = "<group>"; };
		27744F162AD83D1B000B3B29 /* QYTextViewPropertySetter.h */ = {isa = PBXFileReference; lastKnownFileType = sourcecode.c.h; path = QYTextViewPropertySetter.h; sourceTree = "<group>"; };
		27744F1A2ADBE9DE000B3B29 /* QYImageView.cpp */ = {isa = PBXFileReference; lastKnownFileType = sourcecode.cpp.cpp; path = QYImageView.cpp; sourceTree = "<group>"; };
		27744F1B2ADBE9DE000B3B29 /* QYImageView.h */ = {isa = PBXFileReference; lastKnownFileType = sourcecode.c.h; path = QYImageView.h; sourceTree = "<group>"; };
		27744F1E2ADBEBD2000B3B29 /* QYTextView.cpp */ = {isa = PBXFileReference; lastKnownFileType = sourcecode.cpp.cpp; path = QYTextView.cpp; sourceTree = "<group>"; };
		27744F1F2ADBEBD2000B3B29 /* QYTextView.h */ = {isa = PBXFileReference; lastKnownFileType = sourcecode.c.h; path = QYTextView.h; sourceTree = "<group>"; };
		27744F222ADBEC8C000B3B29 /* IQYBaseView.h */ = {isa = PBXFileReference; lastKnownFileType = sourcecode.c.h; path = IQYBaseView.h; sourceTree = "<group>"; };
		C604EECF2A8C92FA008DAC8E /* QYView.framework */ = {isa = PBXFileReference; explicitFileType = wrapper.framework; includeInIndex = 0; path = QYView.framework; sourceTree = BUILT_PRODUCTS_DIR; };
		C604EF092A8C9452008DAC8E /* test.html */ = {isa = PBXFileReference; fileEncoding = 4; lastKnownFileType = text.html; path = test.html; sourceTree = SOURCE_ROOT; };
		C64160CA2A8C8FDB0089E110 /* QYChromiumTest.app */ = {isa = PBXFileReference; explicitFileType = wrapper.application; includeInIndex = 0; path = QYChromiumTest.app; sourceTree = BUILT_PRODUCTS_DIR; };
		C64160CD2A8C8FDB0089E110 /* AppDelegate.h */ = {isa = PBXFileReference; lastKnownFileType = sourcecode.c.h; path = AppDelegate.h; sourceTree = "<group>"; };
		C64160CE2A8C8FDB0089E110 /* AppDelegate.m */ = {isa = PBXFileReference; lastKnownFileType = sourcecode.c.objc; path = AppDelegate.m; sourceTree = "<group>"; };
		C64160D02A8C8FDB0089E110 /* ViewController.h */ = {isa = PBXFileReference; lastKnownFileType = sourcecode.c.h; path = ViewController.h; sourceTree = "<group>"; };
		C64160D12A8C8FDB0089E110 /* ViewController.m */ = {isa = PBXFileReference; lastKnownFileType = sourcecode.c.objc; path = ViewController.m; sourceTree = "<group>"; };
		C64160D32A8C8FDC0089E110 /* Assets.xcassets */ = {isa = PBXFileReference; lastKnownFileType = folder.assetcatalog; path = Assets.xcassets; sourceTree = "<group>"; };
		C64160D62A8C8FDC0089E110 /* Base */ = {isa = PBXFileReference; lastKnownFileType = file.storyboard; name = Base; path = Base.lproj/Main.storyboard; sourceTree = "<group>"; };
		C64160D82A8C8FDC0089E110 /* main.m */ = {isa = PBXFileReference; lastKnownFileType = sourcecode.c.objc; path = main.m; sourceTree = "<group>"; };
		C64160DA2A8C8FDC0089E110 /* QYChromiumTest.entitlements */ = {isa = PBXFileReference; lastKnownFileType = text.plist.entitlements; path = QYChromiumTest.entitlements; sourceTree = "<group>"; };
/* End PBXFileReference section */

/* Begin PBXFrameworksBuildPhase section */
		C604EECC2A8C92FA008DAC8E /* Frameworks */ = {
			isa = PBXFrameworksBuildPhase;
			buildActionMask = 2147483647;
			files = (
				271B93092A8CF826003A9D0A /* libc++.tbd in Frameworks */,
				271B93072A8CF800003A9D0A /* AppKit.framework in Frameworks */,
				271B93052A8CF798003A9D0A /* libxml2.tbd in Frameworks */,
				271B92082A8CF515003A9D0A /* libv8_libplatform.dylib in Frameworks */,
				271B92092A8CF515003A9D0A /* libchrome_zlib.dylib in Frameworks */,
				271B920E2A8CF515003A9D0A /* libicuuc.dylib in Frameworks */,
				271B920B2A8CF515003A9D0A /* libthird_party_icu_icui18n.dylib in Frameworks */,
				271B920C2A8CF515003A9D0A /* libv8.dylib in Frameworks */,
				271B920A2A8CF515003A9D0A /* libv8_libbase.dylib in Frameworks */,
			);
			runOnlyForDeploymentPostprocessing = 0;
		};
		C64160C72A8C8FDB0089E110 /* Frameworks */ = {
			isa = PBXFrameworksBuildPhase;
			buildActionMask = 2147483647;
			files = (
				C604EED52A8C92FA008DAC8E /* QYView.framework in Frameworks */,
			);
			runOnlyForDeploymentPostprocessing = 0;
		};
/* End PBXFrameworksBuildPhase section */

/* Begin PBXGroup section */
		271B91D22A8CF515003A9D0A /* source */ = {
			isa = PBXGroup;
			children = (
				27744F0C2AD83BD6000B3B29 /* Property */,
				27744E8D2AC1DCC3000B3B29 /* Expression */,
				27744E732AB0AF5D000B3B29 /* util */,
				271B93182A8E7645003A9D0A /* JS */,
				271B91E92A8CF515003A9D0A /* CommonHeader.h */,
				271B91E52A8CF515003A9D0A /* QYBaseDomNode.cpp */,
				271B91D72A8CF515003A9D0A /* QYBaseDomNode.h */,
				271B91E82A8CF515003A9D0A /* QYBaseNodeInfo.cpp */,
				271B91D82A8CF515003A9D0A /* QYBaseNodeInfo.h */,
				271B91D42A8CF515003A9D0A /* QYBaseWidget.cpp */,
				271B91D92A8CF515003A9D0A /* QYBaseWidget.h */,
				271B93112A8CF8CF003A9D0A /* QYEntry.cpp */,
				271B93102A8CF8CF003A9D0A /* QYEntry.h */,
				271B93142A8E662F003A9D0A /* QYPage.cpp */,
				271B93152A8E662F003A9D0A /* QYPage.h */,
				2736796B2AFD0529007067EF /* QYPageCompContext.cpp */,
				2736796C2AFD0529007067EF /* QYPageCompContext.h */,
				271B91D52A8CF515003A9D0A /* QYTest.cpp */,
				271B91D32A8CF515003A9D0A /* QYTest.h */,
				271B91DA2A8CF515003A9D0A /* QYViewCreateFactory.cpp */,
				271B91E62A8CF515003A9D0A /* QYViewCreateFactory.h */,
				271B91DB2A8CF515003A9D0A /* QYXmlParser.h */,
				271B91DC2A8CF515003A9D0A /* QYXmlParser.mm */,
				27744F192ADBE9BE000B3B29 /* View */,
				271B91DD2A8CF515003A9D0A /* CustomView */,
			);
			name = source;
			path = ../source;
			sourceTree = "<group>";
		};
		271B91DD2A8CF515003A9D0A /* CustomView */ = {
			isa = PBXGroup;
			children = (
				271B91E12A8CF515003A9D0A /* IQYBaseCustomBaseView.h */,
				271B91E02A8CF515003A9D0A /* QYBaseCustomImageView.h */,
				271B91E42A8CF515003A9D0A /* QYBaseCustomImageView.mm */,
				271B91DF2A8CF515003A9D0A /* QYBaseCustomTextView.h */,
				271B91E22A8CF515003A9D0A /* QYBaseCustomTextView.mm */,
				271B91DE2A8CF515003A9D0A /* QYBaseCustomView.h */,
				271B91E32A8CF515003A9D0A /* QYBaseCustomView.mm */,
				2727E2E02B0529E600AD9584 /* QYMouseEvent.cpp */,
				2727E2E12B0529E600AD9584 /* QYMouseEvent.h */,
			);
			path = CustomView;
			sourceTree = "<group>";
		};
		271B91EA2A8CF515003A9D0A /* libs */ = {
			isa = PBXGroup;
			children = (
				271B91EB2A8CF515003A9D0A /* libv8_libplatform.dylib */,
				271B91EC2A8CF515003A9D0A /* libchrome_zlib.dylib */,
				271B91ED2A8CF515003A9D0A /* libv8_libbase.dylib */,
				271B91EE2A8CF515003A9D0A /* libthird_party_icu_icui18n.dylib */,
				271B91EF2A8CF515003A9D0A /* libv8.dylib */,
				271B91F02A8CF515003A9D0A /* snapshot_blob.bin */,
				271B91F12A8CF515003A9D0A /* libicuuc.dylib */,
			);
			name = libs;
			path = ../libs;
			sourceTree = "<group>";
		};
		271B93032A8CF798003A9D0A /* Frameworks */ = {
			isa = PBXGroup;
			children = (
				271B93082A8CF826003A9D0A /* libc++.tbd */,
				271B93062A8CF800003A9D0A /* AppKit.framework */,
				271B93042A8CF798003A9D0A /* libxml2.tbd */,
			);
			name = Frameworks;
			sourceTree = "<group>";
		};
		271B93182A8E7645003A9D0A /* JS */ = {
			isa = PBXGroup;
			children = (
				271B93192A8E7660003A9D0A /* QYJSContext.cpp */,
				271B931A2A8E7660003A9D0A /* QYJSContext.h */,
				271B93252A90EE59003A9D0A /* QYJSRuntime.cpp */,
				271B93262A90EE59003A9D0A /* QYJSRuntime.h */,
				271B931F2A8E7B83003A9D0A /* QYJSValue.cpp */,
				271B93202A8E7B84003A9D0A /* QYJSValue.h */,
				271B932F2A95142E003A9D0A /* QYFunction.h */,
				271B93312A9A1534003A9D0A /* QYModuleLoader.cpp */,
				271B93322A9A1534003A9D0A /* QYModuleLoader.h */,
			);
			path = JS;
			sourceTree = "<group>";
		};
		27744E732AB0AF5D000B3B29 /* util */ = {
			isa = PBXGroup;
			children = (
				27744E742AB0AF84000B3B29 /* fileUtil.cpp */,
				27744E752AB0AF84000B3B29 /* fileUtil.h */,
			);
			path = util;
			sourceTree = "<group>";
		};
		27744E8D2AC1DCC3000B3B29 /* Expression */ = {
			isa = PBXGroup;
			children = (
				27744E9A2AC1DFCC000B3B29 /* exp */,
				27744E8E2AC1DCDD000B3B29 /* QYExpression.cpp */,
				27744E8F2AC1DCDD000B3B29 /* QYExpression.h */,
				27744E922AC1DD76000B3B29 /* QYExpressionParser.cpp */,
				27744E932AC1DD76000B3B29 /* QYExpressionParser.h */,
				27744E962AC1DE69000B3B29 /* QYToken.cpp */,
				27744E972AC1DE69000B3B29 /* QYToken.h */,
				273679772B03DCCD007067EF /* IQYExpDataContext.h */,
				273679732B03D9E7007067EF /* QYExpressionContext.cpp */,
				273679742B03D9E7007067EF /* QYExpressionContext.h */,
			);
			path = Expression;
			sourceTree = "<group>";
		};
		27744E9A2AC1DFCC000B3B29 /* exp */ = {
			isa = PBXGroup;
			children = (
				27744E9B2AC1DFE4000B3B29 /* QYNumberExpression.cpp */,
				27744E9C2AC1DFE4000B3B29 /* QYNumberExpression.h */,
				27744E9F2AC1E2C1000B3B29 /* QYStringExpression.cpp */,
				27744EA02AC1E2C1000B3B29 /* QYStringExpression.h */,
				27744EA32AC1E342000B3B29 /* QYIdentifierExpression.cpp */,
				27744EA42AC1E342000B3B29 /* QYIdentifierExpression.h */,
				27744EA72AC1E5C4000B3B29 /* QYFunctionExpression.cpp */,
				27744EA82AC1E5C4000B3B29 /* QYFunctionExpression.h */,
				27744EAB2AC1E63F000B3B29 /* QYPropertyAccessExpression.cpp */,
				27744EAC2AC1E63F000B3B29 /* QYPropertyAccessExpression.h */,
				27744EAF2AC1E648000B3B29 /* QYCollectionAccessExpression.cpp */,
				27744EB02AC1E648000B3B29 /* QYCollectionAccessExpression.h */,
				27744EB32AC1E65B000B3B29 /* QYQuestionExpression.cpp */,
				27744EB42AC1E65B000B3B29 /* QYQuestionExpression.h */,
				27744EB72AC1E666000B3B29 /* QYBinaryExpression.cpp */,
				27744EB82AC1E666000B3B29 /* QYBinaryExpression.h */,
			);
			path = exp;
			sourceTree = "<group>";
		};
		27744F0C2AD83BD6000B3B29 /* Property */ = {
			isa = PBXGroup;
			children = (
				27744F082AD6FA8D000B3B29 /* QYPropertyValue.cpp */,
				27744F092AD6FA8D000B3B29 /* QYPropertyValue.h */,
				273679692AFBEE13007067EF /* IQYPropertyValueObserver.h */,
				27744F0D2AD83C26000B3B29 /* QYPropertySetter.cpp */,
				27744F0E2AD83C26000B3B29 /* QYPropertySetter.h */,
				27744F112AD83D0E000B3B29 /* QYImageViewPropertySetter.cpp */,
				27744F122AD83D0E000B3B29 /* QYImageViewPropertySetter.h */,
				27744F152AD83D1B000B3B29 /* QYTextViewPropertySetter.cpp */,
				27744F162AD83D1B000B3B29 /* QYTextViewPropertySetter.h */,
			);
			path = Property;
			sourceTree = "<group>";
		};
		27744F192ADBE9BE000B3B29 /* View */ = {
			isa = PBXGroup;
			children = (
				27744F222ADBEC8C000B3B29 /* IQYBaseView.h */,
				271B91D62A8CF515003A9D0A /* QYBaseView.cpp */,
				271B91E72A8CF515003A9D0A /* QYBaseView.h */,
				27744F1A2ADBE9DE000B3B29 /* QYImageView.cpp */,
				27744F1B2ADBE9DE000B3B29 /* QYImageView.h */,
				27744F1E2ADBEBD2000B3B29 /* QYTextView.cpp */,
				27744F1F2ADBEBD2000B3B29 /* QYTextView.h */,
			);
			path = View;
			sourceTree = "<group>";
		};
		C64160C12A8C8FDB0089E110 = {
			isa = PBXGroup;
			children = (
				273679672AFBDF2C007067EF /* test.html */,
				271B92152A8CF549003A9D0A /* Config.xcconfig */,
				271B91EA2A8CF515003A9D0A /* libs */,
				271B91D22A8CF515003A9D0A /* source */,
				C64160CC2A8C8FDB0089E110 /* QYChromiumTest */,
				C64160CB2A8C8FDB0089E110 /* Products */,
				271B93032A8CF798003A9D0A /* Frameworks */,
			);
			sourceTree = "<group>";
		};
		C64160CB2A8C8FDB0089E110 /* Products */ = {
			isa = PBXGroup;
			children = (
				C64160CA2A8C8FDB0089E110 /* QYChromiumTest.app */,
				C604EECF2A8C92FA008DAC8E /* QYView.framework */,
			);
			name = Products;
			sourceTree = "<group>";
		};
		C64160CC2A8C8FDB0089E110 /* QYChromiumTest */ = {
			isa = PBXGroup;
			children = (
				C64160CD2A8C8FDB0089E110 /* AppDelegate.h */,
				C64160CE2A8C8FDB0089E110 /* AppDelegate.m */,
				C64160D02A8C8FDB0089E110 /* ViewController.h */,
				C64160D12A8C8FDB0089E110 /* ViewController.m */,
				C64160D32A8C8FDC0089E110 /* Assets.xcassets */,
				C64160D52A8C8FDC0089E110 /* Main.storyboard */,
				C64160D82A8C8FDC0089E110 /* main.m */,
				C64160DA2A8C8FDC0089E110 /* QYChromiumTest.entitlements */,
				C604EF092A8C9452008DAC8E /* test.html */,
			);
			path = QYChromiumTest;
			sourceTree = "<group>";
		};
/* End PBXGroup section */

/* Begin PBXHeadersBuildPhase section */
		C604EECA2A8C92FA008DAC8E /* Headers */ = {
			isa = PBXHeadersBuildPhase;
			buildActionMask = 2147483647;
			files = (
				271B931C2A8E7661003A9D0A /* QYJSContext.h in Headers */,
				271B93122A8CF8CF003A9D0A /* QYEntry.h in Headers */,
				27744EBA2AC1E666000B3B29 /* QYBinaryExpression.h in Headers */,
				271B91F62A8CF515003A9D0A /* QYBaseDomNode.h in Headers */,
				27744F232ADBEC8C000B3B29 /* IQYBaseView.h in Headers */,
				27744EA22AC1E2C1000B3B29 /* QYStringExpression.h in Headers */,
				2736796E2AFD0529007067EF /* QYPageCompContext.h in Headers */,
				27744F1D2ADBE9DE000B3B29 /* QYImageView.h in Headers */,
				27744F142AD83D0E000B3B29 /* QYImageViewPropertySetter.h in Headers */,
				27744F212ADBEBD2000B3B29 /* QYTextView.h in Headers */,
				271B93342A9A1534003A9D0A /* QYModuleLoader.h in Headers */,
				27744F182AD83D1B000B3B29 /* QYTextViewPropertySetter.h in Headers */,
				271B91FC2A8CF515003A9D0A /* QYBaseCustomView.h in Headers */,
				27744E952AC1DD76000B3B29 /* QYExpressionParser.h in Headers */,
				271B92052A8CF515003A9D0A /* QYBaseView.h in Headers */,
				271B91FF2A8CF515003A9D0A /* IQYBaseCustomBaseView.h in Headers */,
				2736796A2AFBEE13007067EF /* IQYPropertyValueObserver.h in Headers */,
				27744E912AC1DCDD000B3B29 /* QYExpression.h in Headers */,
				271B91F82A8CF515003A9D0A /* QYBaseWidget.h in Headers */,
				27744EB22AC1E648000B3B29 /* QYCollectionAccessExpression.h in Headers */,
				27744F102AD83C26000B3B29 /* QYPropertySetter.h in Headers */,
				271B93222A8E7B84003A9D0A /* QYJSValue.h in Headers */,
				271B91FE2A8CF515003A9D0A /* QYBaseCustomImageView.h in Headers */,
				271B91F72A8CF515003A9D0A /* QYBaseNodeInfo.h in Headers */,
				271B92042A8CF515003A9D0A /* QYViewCreateFactory.h in Headers */,
				27744EA62AC1E342000B3B29 /* QYIdentifierExpression.h in Headers */,
				2727E2E32B0529E600AD9584 /* QYMouseEvent.h in Headers */,
				273679762B03D9E7007067EF /* QYExpressionContext.h in Headers */,
				27744E772AB0AF84000B3B29 /* fileUtil.h in Headers */,
				27744E9E2AC1DFE4000B3B29 /* QYNumberExpression.h in Headers */,
				27744EAA2AC1E5C4000B3B29 /* QYFunctionExpression.h in Headers */,
				27744F0B2AD6FA8D000B3B29 /* QYPropertyValue.h in Headers */,
				271B91FD2A8CF515003A9D0A /* QYBaseCustomTextView.h in Headers */,
				271B91FA2A8CF515003A9D0A /* QYXmlParser.h in Headers */,
				273679782B03DCCD007067EF /* IQYExpDataContext.h in Headers */,
				27744E992AC1DE69000B3B29 /* QYToken.h in Headers */,
				271B93282A90EE5A003A9D0A /* QYJSRuntime.h in Headers */,
				271B93172A8E662F003A9D0A /* QYPage.h in Headers */,
				271B92072A8CF515003A9D0A /* CommonHeader.h in Headers */,
				27744EAE2AC1E63F000B3B29 /* QYPropertyAccessExpression.h in Headers */,
				271B93302A95142E003A9D0A /* QYFunction.h in Headers */,
				27744EB62AC1E65B000B3B29 /* QYQuestionExpression.h in Headers */,
				271B91F22A8CF515003A9D0A /* QYTest.h in Headers */,
			);
			runOnlyForDeploymentPostprocessing = 0;
		};
/* End PBXHeadersBuildPhase section */

/* Begin PBXNativeTarget section */
		C604EECE2A8C92FA008DAC8E /* QYView */ = {
			isa = PBXNativeTarget;
			buildConfigurationList = C604EEDA2A8C92FA008DAC8E /* Build configuration list for PBXNativeTarget "QYView" */;
			buildPhases = (
				C604EECA2A8C92FA008DAC8E /* Headers */,
				C604EECB2A8C92FA008DAC8E /* Sources */,
				C604EECC2A8C92FA008DAC8E /* Frameworks */,
				C604EECD2A8C92FA008DAC8E /* Resources */,
				271B91C42A8CF360003A9D0A /* CopyFiles */,
				271B93292A939F9C003A9D0A /* CopyFiles */,
			);
			buildRules = (
			);
			dependencies = (
			);
			name = QYView;
			productName = QYView;
			productReference = C604EECF2A8C92FA008DAC8E /* QYView.framework */;
			productType = "com.apple.product-type.framework";
		};
		C64160C92A8C8FDB0089E110 /* QYChromiumTest */ = {
			isa = PBXNativeTarget;
			buildConfigurationList = C64160DD2A8C8FDC0089E110 /* Build configuration list for PBXNativeTarget "QYChromiumTest" */;
			buildPhases = (
				C64160C62A8C8FDB0089E110 /* Sources */,
				C64160C72A8C8FDB0089E110 /* Frameworks */,
				C64160C82A8C8FDB0089E110 /* Resources */,
				C604EED62A8C92FA008DAC8E /* Embed Frameworks */,
			);
			buildRules = (
			);
			dependencies = (
				C604EED42A8C92FA008DAC8E /* PBXTargetDependency */,
			);
			name = QYChromiumTest;
			productName = QYChromiumTest;
			productReference = C64160CA2A8C8FDB0089E110 /* QYChromiumTest.app */;
			productType = "com.apple.product-type.application";
		};
/* End PBXNativeTarget section */

/* Begin PBXProject section */
		C64160C22A8C8FDB0089E110 /* Project object */ = {
			isa = PBXProject;
			attributes = {
				BuildIndependentTargetsInParallel = 1;
				LastUpgradeCheck = 1430;
				TargetAttributes = {
					C604EECE2A8C92FA008DAC8E = {
						CreatedOnToolsVersion = 14.3.1;
					};
					C64160C92A8C8FDB0089E110 = {
						CreatedOnToolsVersion = 14.3.1;
					};
				};
			};
			buildConfigurationList = C64160C52A8C8FDB0089E110 /* Build configuration list for PBXProject "QYChromiumTest" */;
			compatibilityVersion = "Xcode 14.0";
			developmentRegion = en;
			hasScannedForEncodings = 0;
			knownRegions = (
				en,
				Base,
			);
			mainGroup = C64160C12A8C8FDB0089E110;
			productRefGroup = C64160CB2A8C8FDB0089E110 /* Products */;
			projectDirPath = "";
			projectRoot = "";
			targets = (
				C64160C92A8C8FDB0089E110 /* QYChromiumTest */,
				C604EECE2A8C92FA008DAC8E /* QYView */,
			);
		};
/* End PBXProject section */

/* Begin PBXResourcesBuildPhase section */
		C604EECD2A8C92FA008DAC8E /* Resources */ = {
			isa = PBXResourcesBuildPhase;
			buildActionMask = 2147483647;
			files = (
			);
			runOnlyForDeploymentPostprocessing = 0;
		};
		C64160C82A8C8FDB0089E110 /* Resources */ = {
			isa = PBXResourcesBuildPhase;
			buildActionMask = 2147483647;
			files = (
				C64160D42A8C8FDC0089E110 /* Assets.xcassets in Resources */,
				C64160D72A8C8FDC0089E110 /* Main.storyboard in Resources */,
				273679682AFBDF2C007067EF /* test.html in Resources */,
			);
			runOnlyForDeploymentPostprocessing = 0;
		};
/* End PBXResourcesBuildPhase section */

/* Begin PBXSourcesBuildPhase section */
		C604EECB2A8C92FA008DAC8E /* Sources */ = {
			isa = PBXSourcesBuildPhase;
			buildActionMask = 2147483647;
			files = (
				271B91F32A8CF515003A9D0A /* QYBaseWidget.cpp in Sources */,
				271B92032A8CF515003A9D0A /* QYBaseDomNode.cpp in Sources */,
				271B91F92A8CF515003A9D0A /* QYViewCreateFactory.cpp in Sources */,
				27744EB52AC1E65B000B3B29 /* QYQuestionExpression.cpp in Sources */,
				271B91F42A8CF515003A9D0A /* QYTest.cpp in Sources */,
				2727E2E22B0529E600AD9584 /* QYMouseEvent.cpp in Sources */,
				27744F132AD83D0E000B3B29 /* QYImageViewPropertySetter.cpp in Sources */,
				271B92062A8CF515003A9D0A /* QYBaseNodeInfo.cpp in Sources */,
				271B93272A90EE5A003A9D0A /* QYJSRuntime.cpp in Sources */,
				271B92002A8CF515003A9D0A /* QYBaseCustomTextView.mm in Sources */,
				271B931B2A8E7660003A9D0A /* QYJSContext.cpp in Sources */,
				271B93162A8E662F003A9D0A /* QYPage.cpp in Sources */,
				27744F1C2ADBE9DE000B3B29 /* QYImageView.cpp in Sources */,
				27744E902AC1DCDD000B3B29 /* QYExpression.cpp in Sources */,
				27744F202ADBEBD2000B3B29 /* QYTextView.cpp in Sources */,
				271B93212A8E7B84003A9D0A /* QYJSValue.cpp in Sources */,
				271B93332A9A1534003A9D0A /* QYModuleLoader.cpp in Sources */,
				2736796D2AFD0529007067EF /* QYPageCompContext.cpp in Sources */,
				271B91F52A8CF515003A9D0A /* QYBaseView.cpp in Sources */,
				271B91FB2A8CF515003A9D0A /* QYXmlParser.mm in Sources */,
				27744E9D2AC1DFE4000B3B29 /* QYNumberExpression.cpp in Sources */,
				271B92022A8CF515003A9D0A /* QYBaseCustomImageView.mm in Sources */,
				27744F0A2AD6FA8D000B3B29 /* QYPropertyValue.cpp in Sources */,
				27744F172AD83D1B000B3B29 /* QYTextViewPropertySetter.cpp in Sources */,
				273679752B03D9E7007067EF /* QYExpressionContext.cpp in Sources */,
				27744EB12AC1E648000B3B29 /* QYCollectionAccessExpression.cpp in Sources */,
				27744EA12AC1E2C1000B3B29 /* QYStringExpression.cpp in Sources */,
				27744EA92AC1E5C4000B3B29 /* QYFunctionExpression.cpp in Sources */,
				27744F0F2AD83C26000B3B29 /* QYPropertySetter.cpp in Sources */,
				27744EA52AC1E342000B3B29 /* QYIdentifierExpression.cpp in Sources */,
				27744E982AC1DE69000B3B29 /* QYToken.cpp in Sources */,
				27744EB92AC1E666000B3B29 /* QYBinaryExpression.cpp in Sources */,
				27744E942AC1DD76000B3B29 /* QYExpressionParser.cpp in Sources */,
				271B92012A8CF515003A9D0A /* QYBaseCustomView.mm in Sources */,
				27744EAD2AC1E63F000B3B29 /* QYPropertyAccessExpression.cpp in Sources */,
				271B93132A8CF8CF003A9D0A /* QYEntry.cpp in Sources */,
				27744E762AB0AF84000B3B29 /* fileUtil.cpp in Sources */,
			);
			runOnlyForDeploymentPostprocessing = 0;
		};
		C64160C62A8C8FDB0089E110 /* Sources */ = {
			isa = PBXSourcesBuildPhase;
			buildActionMask = 2147483647;
			files = (
				C64160D22A8C8FDB0089E110 /* ViewController.m in Sources */,
				C64160D92A8C8FDC0089E110 /* main.m in Sources */,
				C64160CF2A8C8FDB0089E110 /* AppDelegate.m in Sources */,
			);
			runOnlyForDeploymentPostprocessing = 0;
		};
/* End PBXSourcesBuildPhase section */

/* Begin PBXTargetDependency section */
		C604EED42A8C92FA008DAC8E /* PBXTargetDependency */ = {
			isa = PBXTargetDependency;
			target = C604EECE2A8C92FA008DAC8E /* QYView */;
			targetProxy = C604EED32A8C92FA008DAC8E /* PBXContainerItemProxy */;
		};
/* End PBXTargetDependency section */

/* Begin PBXVariantGroup section */
		C64160D52A8C8FDC0089E110 /* Main.storyboard */ = {
			isa = PBXVariantGroup;
			children = (
				C64160D62A8C8FDC0089E110 /* Base */,
			);
			name = Main.storyboard;
			sourceTree = "<group>";
		};
/* End PBXVariantGroup section */

/* Begin XCBuildConfiguration section */
		C604EED82A8C92FA008DAC8E /* Debug */ = {
			isa = XCBuildConfiguration;
			buildSettings = {
				CODE_SIGN_STYLE = Automatic;
				COMBINE_HIDPI_IMAGES = YES;
				CURRENT_PROJECT_VERSION = 1;
				DEFINES_MODULE = YES;
				DEVELOPMENT_TEAM = 6S366Z8Q3V;
				DYLIB_COMPATIBILITY_VERSION = 1;
				DYLIB_CURRENT_VERSION = 1;
				DYLIB_INSTALL_NAME_BASE = "@rpath";
				ENABLE_MODULE_VERIFIER = YES;
				GCC_PREPROCESSOR_DEFINITIONS = (
					"DEBUG=1",
					"$(inherited)",
				);
				GENERATE_INFOPLIST_FILE = YES;
				HEADER_SEARCH_PATHS = (
					"\"$(SRCROOT)/../v8\"",
					"\"$(SRCROOT)/../v8/include\"",
					"\"$(SRCROOT)/../v8/src\"",
				);
				INFOPLIST_KEY_NSHumanReadableCopyright = "";
				INSTALL_PATH = "$(LOCAL_LIBRARY_DIR)/Frameworks";
				LD_RUNPATH_SEARCH_PATHS = (
					"$(inherited)",
					"@executable_path/../Frameworks",
					"@loader_path/Frameworks",
					"@loader_path/.",
				);
				LIBRARY_SEARCH_PATHS = "\"$(SRCROOT)/../libs\"";
				MACH_O_TYPE = mh_dylib;
				MACOSX_DEPLOYMENT_TARGET = 12.3;
				MARKETING_VERSION = 1.0;
				MODULE_VERIFIER_SUPPORTED_LANGUAGES = "objective-c objective-c++";
				MODULE_VERIFIER_SUPPORTED_LANGUAGE_STANDARDS = "gnu11 gnu++20";
				PRODUCT_BUNDLE_IDENTIFIER = qy.QYView;
				PRODUCT_NAME = "$(TARGET_NAME:c99extidentifier)";
				SKIP_INSTALL = YES;
				SWIFT_EMIT_LOC_STRINGS = YES;
				VERSIONING_SYSTEM = "apple-generic";
				VERSION_INFO_PREFIX = "";
			};
			name = Debug;
		};
		C604EED92A8C92FA008DAC8E /* Release */ = {
			isa = XCBuildConfiguration;
			buildSettings = {
				CODE_SIGN_STYLE = Automatic;
				COMBINE_HIDPI_IMAGES = YES;
				CURRENT_PROJECT_VERSION = 1;
				DEFINES_MODULE = YES;
				DEVELOPMENT_TEAM = 6S366Z8Q3V;
				DYLIB_COMPATIBILITY_VERSION = 1;
				DYLIB_CURRENT_VERSION = 1;
				DYLIB_INSTALL_NAME_BASE = "@rpath";
				ENABLE_MODULE_VERIFIER = YES;
				GENERATE_INFOPLIST_FILE = YES;
				HEADER_SEARCH_PATHS = (
					"\"$(SRCROOT)/../v8\"",
					"\"$(SRCROOT)/../v8/include\"",
					"\"$(SRCROOT)/../v8/src\"",
				);
				INFOPLIST_KEY_NSHumanReadableCopyright = "";
				INSTALL_PATH = "$(LOCAL_LIBRARY_DIR)/Frameworks";
				LD_RUNPATH_SEARCH_PATHS = (
					"$(inherited)",
					"@executable_path/../Frameworks",
					"@loader_path/Frameworks",
					"@loader_path/.",
				);
				LIBRARY_SEARCH_PATHS = "\"$(SRCROOT)/../libs\"";
				MACH_O_TYPE = mh_dylib;
				MACOSX_DEPLOYMENT_TARGET = 12.3;
				MARKETING_VERSION = 1.0;
				MODULE_VERIFIER_SUPPORTED_LANGUAGES = "objective-c objective-c++";
				MODULE_VERIFIER_SUPPORTED_LANGUAGE_STANDARDS = "gnu11 gnu++20";
				PRODUCT_BUNDLE_IDENTIFIER = qy.QYView;
				PRODUCT_NAME = "$(TARGET_NAME:c99extidentifier)";
				SKIP_INSTALL = YES;
				SWIFT_EMIT_LOC_STRINGS = YES;
				VERSIONING_SYSTEM = "apple-generic";
				VERSION_INFO_PREFIX = "";
			};
			name = Release;
		};
		C64160DB2A8C8FDC0089E110 /* Debug */ = {
			isa = XCBuildConfiguration;
			buildSettings = {
				ALWAYS_SEARCH_USER_PATHS = NO;
				CLANG_ANALYZER_NONNULL = YES;
				CLANG_ANALYZER_NUMBER_OBJECT_CONVERSION = YES_AGGRESSIVE;
				CLANG_CXX_LANGUAGE_STANDARD = "gnu++20";
				CLANG_ENABLE_MODULES = YES;
				CLANG_ENABLE_OBJC_ARC = YES;
				CLANG_ENABLE_OBJC_WEAK = YES;
				CLANG_WARN_BLOCK_CAPTURE_AUTORELEASING = YES;
				CLANG_WARN_BOOL_CONVERSION = YES;
				CLANG_WARN_COMMA = YES;
				CLANG_WARN_CONSTANT_CONVERSION = YES;
				CLANG_WARN_DEPRECATED_OBJC_IMPLEMENTATIONS = YES;
				CLANG_WARN_DIRECT_OBJC_ISA_USAGE = YES_ERROR;
				CLANG_WARN_DOCUMENTATION_COMMENTS = YES;
				CLANG_WARN_EMPTY_BODY = YES;
				CLANG_WARN_ENUM_CONVERSION = YES;
				CLANG_WARN_INFINITE_RECURSION = YES;
				CLANG_WARN_INT_CONVERSION = YES;
				CLANG_WARN_NON_LITERAL_NULL_CONVERSION = YES;
				CLANG_WARN_OBJC_IMPLICIT_RETAIN_SELF = YES;
				CLANG_WARN_OBJC_LITERAL_CONVERSION = YES;
				CLANG_WARN_OBJC_ROOT_CLASS = YES_ERROR;
				CLANG_WARN_QUOTED_INCLUDE_IN_FRAMEWORK_HEADER = YES;
				CLANG_WARN_RANGE_LOOP_ANALYSIS = YES;
				CLANG_WARN_STRICT_PROTOTYPES = YES;
				CLANG_WARN_SUSPICIOUS_MOVE = YES;
				CLANG_WARN_UNGUARDED_AVAILABILITY = YES_AGGRESSIVE;
				CLANG_WARN_UNREACHABLE_CODE = YES;
				CLANG_WARN__DUPLICATE_METHOD_MATCH = YES;
				COPY_PHASE_STRIP = NO;
				DEBUG_INFORMATION_FORMAT = dwarf;
				ENABLE_STRICT_OBJC_MSGSEND = YES;
				ENABLE_TESTABILITY = YES;
				GCC_C_LANGUAGE_STANDARD = gnu11;
				GCC_DYNAMIC_NO_PIC = NO;
				GCC_NO_COMMON_BLOCKS = YES;
				GCC_OPTIMIZATION_LEVEL = 0;
				GCC_PREPROCESSOR_DEFINITIONS = (
					"DEBUG=1",
					"$(inherited)",
				);
				GCC_WARN_64_TO_32_BIT_CONVERSION = YES;
				GCC_WARN_ABOUT_RETURN_TYPE = YES_ERROR;
				GCC_WARN_UNDECLARED_SELECTOR = YES;
				GCC_WARN_UNINITIALIZED_AUTOS = YES_AGGRESSIVE;
				GCC_WARN_UNUSED_FUNCTION = YES;
				GCC_WARN_UNUSED_VARIABLE = YES;
				MACOSX_DEPLOYMENT_TARGET = 13.3;
				MTL_ENABLE_DEBUG_INFO = INCLUDE_SOURCE;
				MTL_FAST_MATH = YES;
				ONLY_ACTIVE_ARCH = YES;
				SDKROOT = macosx;
			};
			name = Debug;
		};
		C64160DC2A8C8FDC0089E110 /* Release */ = {
			isa = XCBuildConfiguration;
			buildSettings = {
				ALWAYS_SEARCH_USER_PATHS = NO;
				CLANG_ANALYZER_NONNULL = YES;
				CLANG_ANALYZER_NUMBER_OBJECT_CONVERSION = YES_AGGRESSIVE;
				CLANG_CXX_LANGUAGE_STANDARD = "gnu++20";
				CLANG_ENABLE_MODULES = YES;
				CLANG_ENABLE_OBJC_ARC = YES;
				CLANG_ENABLE_OBJC_WEAK = YES;
				CLANG_WARN_BLOCK_CAPTURE_AUTORELEASING = YES;
				CLANG_WARN_BOOL_CONVERSION = YES;
				CLANG_WARN_COMMA = YES;
				CLANG_WARN_CONSTANT_CONVERSION = YES;
				CLANG_WARN_DEPRECATED_OBJC_IMPLEMENTATIONS = YES;
				CLANG_WARN_DIRECT_OBJC_ISA_USAGE = YES_ERROR;
				CLANG_WARN_DOCUMENTATION_COMMENTS = YES;
				CLANG_WARN_EMPTY_BODY = YES;
				CLANG_WARN_ENUM_CONVERSION = YES;
				CLANG_WARN_INFINITE_RECURSION = YES;
				CLANG_WARN_INT_CONVERSION = YES;
				CLANG_WARN_NON_LITERAL_NULL_CONVERSION = YES;
				CLANG_WARN_OBJC_IMPLICIT_RETAIN_SELF = YES;
				CLANG_WARN_OBJC_LITERAL_CONVERSION = YES;
				CLANG_WARN_OBJC_ROOT_CLASS = YES_ERROR;
				CLANG_WARN_QUOTED_INCLUDE_IN_FRAMEWORK_HEADER = YES;
				CLANG_WARN_RANGE_LOOP_ANALYSIS = YES;
				CLANG_WARN_STRICT_PROTOTYPES = YES;
				CLANG_WARN_SUSPICIOUS_MOVE = YES;
				CLANG_WARN_UNGUARDED_AVAILABILITY = YES_AGGRESSIVE;
				CLANG_WARN_UNREACHABLE_CODE = YES;
				CLANG_WARN__DUPLICATE_METHOD_MATCH = YES;
				COPY_PHASE_STRIP = NO;
				DEBUG_INFORMATION_FORMAT = "dwarf-with-dsym";
				ENABLE_NS_ASSERTIONS = NO;
				ENABLE_STRICT_OBJC_MSGSEND = YES;
				GCC_C_LANGUAGE_STANDARD = gnu11;
				GCC_NO_COMMON_BLOCKS = YES;
				GCC_WARN_64_TO_32_BIT_CONVERSION = YES;
				GCC_WARN_ABOUT_RETURN_TYPE = YES_ERROR;
				GCC_WARN_UNDECLARED_SELECTOR = YES;
				GCC_WARN_UNINITIALIZED_AUTOS = YES_AGGRESSIVE;
				GCC_WARN_UNUSED_FUNCTION = YES;
				GCC_WARN_UNUSED_VARIABLE = YES;
				MACOSX_DEPLOYMENT_TARGET = 13.3;
				MTL_ENABLE_DEBUG_INFO = NO;
				MTL_FAST_MATH = YES;
				SDKROOT = macosx;
			};
			name = Release;
		};
		C64160DE2A8C8FDC0089E110 /* Debug */ = {
			isa = XCBuildConfiguration;
			buildSettings = {
				ASSETCATALOG_COMPILER_APPICON_NAME = AppIcon;
				ASSETCATALOG_COMPILER_GLOBAL_ACCENT_COLOR_NAME = AccentColor;
				CODE_SIGN_ENTITLEMENTS = QYChromiumTest/QYChromiumTest.entitlements;
				CODE_SIGN_STYLE = Automatic;
				COMBINE_HIDPI_IMAGES = YES;
				CURRENT_PROJECT_VERSION = 1;
				DEVELOPMENT_TEAM = 6S366Z8Q3V;
				ENABLE_HARDENED_RUNTIME = YES;
				GENERATE_INFOPLIST_FILE = YES;
				INFOPLIST_KEY_NSHumanReadableCopyright = "";
				INFOPLIST_KEY_NSMainStoryboardFile = Main;
				INFOPLIST_KEY_NSPrincipalClass = NSApplication;
				LD_RUNPATH_SEARCH_PATHS = (
					"$(inherited)",
					"@executable_path/../Frameworks",
				);
				MACOSX_DEPLOYMENT_TARGET = 12.4;
				MARKETING_VERSION = 1.0;
				OTHER_LDFLAGS = "";
				PRODUCT_BUNDLE_IDENTIFIER = qy.QYChromiumTest;
				PRODUCT_NAME = "$(TARGET_NAME)";
				SWIFT_EMIT_LOC_STRINGS = YES;
			};
			name = Debug;
		};
		C64160DF2A8C8FDC0089E110 /* Release */ = {
			isa = XCBuildConfiguration;
			buildSettings = {
				ASSETCATALOG_COMPILER_APPICON_NAME = AppIcon;
				ASSETCATALOG_COMPILER_GLOBAL_ACCENT_COLOR_NAME = AccentColor;
				CODE_SIGN_ENTITLEMENTS = QYChromiumTest/QYChromiumTest.entitlements;
				CODE_SIGN_STYLE = Automatic;
				COMBINE_HIDPI_IMAGES = YES;
				CURRENT_PROJECT_VERSION = 1;
				DEVELOPMENT_TEAM = 6S366Z8Q3V;
				ENABLE_HARDENED_RUNTIME = YES;
				GENERATE_INFOPLIST_FILE = YES;
				INFOPLIST_KEY_NSHumanReadableCopyright = "";
				INFOPLIST_KEY_NSMainStoryboardFile = Main;
				INFOPLIST_KEY_NSPrincipalClass = NSApplication;
				LD_RUNPATH_SEARCH_PATHS = (
					"$(inherited)",
					"@executable_path/../Frameworks",
				);
				MACOSX_DEPLOYMENT_TARGET = 12.4;
				MARKETING_VERSION = 1.0;
				OTHER_LDFLAGS = "";
				PRODUCT_BUNDLE_IDENTIFIER = qy.QYChromiumTest;
				PRODUCT_NAME = "$(TARGET_NAME)";
				SWIFT_EMIT_LOC_STRINGS = YES;
			};
			name = Release;
		};
/* End XCBuildConfiguration section */

/* Begin XCConfigurationList section */
		C604EEDA2A8C92FA008DAC8E /* Build configuration list for PBXNativeTarget "QYView" */ = {
			isa = XCConfigurationList;
			buildConfigurations = (
				C604EED82A8C92FA008DAC8E /* Debug */,
				C604EED92A8C92FA008DAC8E /* Release */,
			);
			defaultConfigurationIsVisible = 0;
			defaultConfigurationName = Release;
		};
		C64160C52A8C8FDB0089E110 /* Build configuration list for PBXProject "QYChromiumTest" */ = {
			isa = XCConfigurationList;
			buildConfigurations = (
				C64160DB2A8C8FDC0089E110 /* Debug */,
				C64160DC2A8C8FDC0089E110 /* Release */,
			);
			defaultConfigurationIsVisible = 0;
			defaultConfigurationName = Release;
		};
		C64160DD2A8C8FDC0089E110 /* Build configuration list for PBXNativeTarget "QYChromiumTest" */ = {
			isa = XCConfigurationList;
			buildConfigurations = (
				C64160DE2A8C8FDC0089E110 /* Debug */,
				C64160DF2A8C8FDC0089E110 /* Release */,
			);
			defaultConfigurationIsVisible = 0;
			defaultConfigurationName = Release;
		};
/* End XCConfigurationList section */
	};
	rootObject = C64160C22A8C8FDB0089E110 /* Project object */;
}
